
Microsoft Visual Studio Solution File, Format Version 12.00
# Visual Studio Version 17
VisualStudioVersion = 17.2.32526.322
MinimumVisualStudioVersion = 10.0.40219.1
Project("{8BC9CEB8-8B4A-11D0-8D11-00A0C91BC942}") = "OpenMobuCore", "OpenMobuCore.vcxproj", "{806C8050-6E0B-48F4-870F-C1A2834656C1}"
EndProject
Project("{8BC9CEB8-8B4A-11D0-8D11-00A0C91BC942}") = "OpenMobuUnitTests", "OpenMobuUnitTests.vcxproj", "{46A71484-3C88-40BC-A847-A7B8B5AC00B6}"
	ProjectSection(ProjectDependencies) = postProject
		{806C8050-6E0B-48F4-870F-C1A2834656C1} = {806C8050-6E0B-48F4-870F-C1A2834656C1}
	EndProjectSection
EndProject
Project("{8BC9CEB8-8B4A-11D0-8D11-00A0C91BC942}") = "OpenMobuGraphics", "OpenMobuGraphics.vcxproj", "{3A9E1561-EE82-4641-AAB5-DB80C9E51B7F}"
EndProject
Global
	GlobalSection(SolutionConfigurationPlatforms) = preSolution
		Debug|x64 = Debug|x64
		Debug|x86 = Debug|x86
		Release|x64 = Release|x64
		Release|x86 = Release|x86
	EndGlobalSection
	GlobalSection(ProjectConfigurationPlatforms) = postSolution
		{806C8050-6E0B-48F4-870F-C1A2834656C1}.Debug|x64.ActiveCfg = Debug|x64
		{806C8050-6E0B-48F4-870F-C1A2834656C1}.Debug|x64.Build.0 = Debug|x64
		{806C8050-6E0B-48F4-870F-C1A2834656C1}.Debug|x86.ActiveCfg = Debug|Win32
		{806C8050-6E0B-48F4-870F-C1A2834656C1}.Debug|x86.Build.0 = Debug|Win32
		{806C8050-6E0B-48F4-870F-C1A2834656C1}.Release|x64.ActiveCfg = Release|x64
		{806C8050-6E0B-48F4-870F-C1A2834656C1}.Release|x64.Build.0 = Release|x64
		{806C8050-6E0B-48F4-870F-C1A2834656C1}.Release|x86.ActiveCfg = Release|Win32
		{806C8050-6E0B-48F4-870F-C1A2834656C1}.Release|x86.Build.0 = Release|Win32
		{46A71484-3C88-40BC-A847-A7B8B5AC00B6}.Debug|x64.ActiveCfg = Debug|x64
		{46A71484-3C88-40BC-A847-A7B8B5AC00B6}.Debug|x64.Build.0 = Debug|x64
		{46A71484-3C88-40BC-A847-A7B8B5AC00B6}.Debug|x86.ActiveCfg = Debug|Win32
		{46A71484-3C88-40BC-A847-A7B8B5AC00B6}.Debug|x86.Build.0 = Debug|Win32
		{46A71484-3C88-40BC-A847-A7B8B5AC00B6}.Release|x64.ActiveCfg = Release|x64
		{46A71484-3C88-40BC-A847-A7B8B5AC00B6}.Release|x64.Build.0 = Release|x64
		{46A71484-3C88-40BC-A847-A7B8B5AC00B6}.Release|x86.ActiveCfg = Release|Win32
		{46A71484-3C88-40BC-A847-A7B8B5AC00B6}.Release|x86.Build.0 = Release|Win32
		{3A9E1561-EE82-4641-AAB5-DB80C9E51B7F}.Debug|x64.ActiveCfg = Debug|x64
		{3A9E1561-EE82-4641-AAB5-DB80C9E51B7F}.Debug|x64.Build.0 = Debug|x64
		{3A9E1561-EE82-4641-AAB5-DB80C9E51B7F}.Debug|x86.ActiveCfg = Debug|Win32
		{3A9E1561-EE82-4641-AAB5-DB80C9E51B7F}.Debug|x86.Build.0 = Debug|Win32
		{3A9E1561-EE82-4641-AAB5-DB80C9E51B7F}.Release|x64.ActiveCfg = Release|x64
		{3A9E1561-EE82-4641-AAB5-DB80C9E51B7F}.Release|x64.Build.0 = Release|x64
		{3A9E1561-EE82-4641-AAB5-DB80C9E51B7F}.Release|x86.ActiveCfg = Release|Win32
		{3A9E1561-EE82-4641-AAB5-DB80C9E51B7F}.Release|x86.Build.0 = Release|Win32
	EndGlobalSection
	GlobalSection(SolutionProperties) = preSolution
		HideSolutionNode = FALSE
	EndGlobalSection
	GlobalSection(ExtensibilityGlobals) = postSolution
		SolutionGuid = {BA2B6FB9-ADFF-4AD7-A838-19FB4D443F2C}
	EndGlobalSection
EndGlobal
